{
  "name": "code",
  "version": "1.0.0",
  "lockfileVersion": 2,
  "requires": true,
  "packages": {
    "": {
      "version": "1.0.0",
      "license": "ISC",
      "dependencies": {
        "@vant/weapp": "^1.9.1"
      }
    },
    "node_modules/@vant/weapp": {
      "version": "1.9.1",
      "resolved": "https://registry.npmmirror.com/@vant/weapp/download/@vant/weapp-1.9.1.tgz",
      "integrity": "sha1-pJAmIDFWhhLdR2bvBOHaZr7uMkE=",
      "license": "MIT"
    }
  },
  "dependencies": {
    "@vant/weapp": {
      "version": "1.9.1",
      "resolved": "https://registry.npmmirror.com/@vant/weapp/download/@vant/weapp-1.9.1.tgz",
      "integrity": "sha1-pJAmIDFWhhLdR2bvBOHaZr7uMkE="
    }
  }
}
